
Microsoft Visual Studio Solution File, Format Version 12.00
# Visual Studio Version 17
VisualStudioVersion = 17.10.35122.118
MinimumVisualStudioVersion = 10.0.40219.1
Project("{911E67C6-3D85-4FCE-B560-20A9C3E3FF48}") = "AuraServiceSetup", "AuraServiceSetup.exe", "{47129D5C-8355-4714-AAA8-BD6BD8A28372}"
	ProjectSection(DebuggerProjectSystem) = preProject
		PortSupplier = 00000000-0000-0000-0000-000000000000
		Executable = C:\Users\Asus\Downloads\Lighting_Control_1.07.84_v2\Lighting_Control_1.07.84_v2\LightingService\LSInstall\AuraServiceSetup.exe
		RemoteMachine = DESKTOP-O2NEFCF
		StartingDirectory = C:\Users\Asus\Downloads\Lighting_Control_1.07.84_v2\Lighting_Control_1.07.84_v2\LightingService\LSInstall
		Environment = Padrão
		LaunchingEngine = 00000000-0000-0000-0000-000000000000
		UseLegacyDebugEngines = No
		LaunchSQLEngine = No
		AttachLaunchAction = No
		IORedirection = Auto
	EndProjectSection
EndProject
Global
	GlobalSection(SolutionConfigurationPlatforms) = preSolution
		Release|x86 = Release|x86
	EndGlobalSection
	GlobalSection(ProjectConfigurationPlatforms) = postSolution
		{47129D5C-8355-4714-AAA8-BD6BD8A28372}.Release|x86.ActiveCfg = Release|x86
	EndGlobalSection
	GlobalSection(SolutionProperties) = preSolution
		HideSolutionNode = FALSE
	EndGlobalSection
	GlobalSection(ExtensibilityGlobals) = postSolution
		SolutionGuid = {DB00D0C4-142C-4D7F-BC5E-EED221372603}
	EndGlobalSection
EndGlobal
